
Microsoft Visual Studio Solution File, Format Version 12.00
Project("{FAE04EC0-301F-11D3-BF4B-00C04F79EFBC}") = "Mekashron.Umbraco", "Mekashron.Umbraco\Mekashron.Umbraco.csproj", "{F897BA88-F15F-4CD0-8FDA-4B5C19BBFB1F}"
EndProject
Project("{2150E333-8FDC-42A3-9474-1A3956D46DE8}") = "repo", "repo", "{17E2A606-DD31-4560-8CF8-4BBC19E03B30}"
	ProjectSection(SolutionItems) = preProject
		.gitignore = .gitignore
	EndProjectSection
EndProject
Global
	GlobalSection(SolutionConfigurationPlatforms) = preSolution
		Debug|Any CPU = Debug|Any CPU
		Release|Any CPU = Release|Any CPU
	EndGlobalSection
	GlobalSection(ProjectConfigurationPlatforms) = postSolution
		{F897BA88-F15F-4CD0-8FDA-4B5C19BBFB1F}.Debug|Any CPU.ActiveCfg = Debug|Any CPU
		{F897BA88-F15F-4CD0-8FDA-4B5C19BBFB1F}.Debug|Any CPU.Build.0 = Debug|Any CPU
		{F897BA88-F15F-4CD0-8FDA-4B5C19BBFB1F}.Release|Any CPU.ActiveCfg = Release|Any CPU
		{F897BA88-F15F-4CD0-8FDA-4B5C19BBFB1F}.Release|Any CPU.Build.0 = Release|Any CPU
	EndGlobalSection
EndGlobal
